
Microsoft Visual Studio Solution File, Format Version 12.00
# Visual Studio Version 17
VisualStudioVersion = 17.5.33424.131
MinimumVisualStudioVersion = 10.0.40219.1
Project("{FAE04EC0-301F-11D3-BF4B-00C04F79EFBC}") = "Interagindo com a Internet", "Interagindo com a Internet.csproj", "{0C6ED748-7BD3-4F2F-B9C1-C54527FCCA7B}"
EndProject
Global
	GlobalSection(SolutionConfigurationPlatforms) = preSolution
		Debug|Any CPU = Debug|Any CPU
		Release|Any CPU = Release|Any CPU
	EndGlobalSection
	GlobalSection(ProjectConfigurationPlatforms) = postSolution
		{0C6ED748-7BD3-4F2F-B9C1-C54527FCCA7B}.Debug|Any CPU.ActiveCfg = Debug|Any CPU
		{0C6ED748-7BD3-4F2F-B9C1-C54527FCCA7B}.Debug|Any CPU.Build.0 = Debug|Any CPU
		{0C6ED748-7BD3-4F2F-B9C1-C54527FCCA7B}.Release|Any CPU.ActiveCfg = Release|Any CPU
		{0C6ED748-7BD3-4F2F-B9C1-C54527FCCA7B}.Release|Any CPU.Build.0 = Release|Any CPU
	EndGlobalSection
	GlobalSection(SolutionProperties) = preSolution
		HideSolutionNode = FALSE
	EndGlobalSection
	GlobalSection(ExtensibilityGlobals) = postSolution
		SolutionGuid = {9312FCDC-D8BF-45DE-A3BE-0AD4C29C12C2}
	EndGlobalSection
EndGlobal
